
Microsoft Visual Studio Solution File, Format Version 12.00
# Visual Studio Version 17
VisualStudioVersion = 17.5.33414.496
MinimumVisualStudioVersion = 10.0.40219.1
Project("{2150E333-8FDC-42A3-9474-1A3956D46DE8}") = "Элементы решения", "Элементы решения", "{AE1376CF-9C8C-45DA-A11D-5FFE2FA532FB}"
EndProject
Project("{2150E333-8FDC-42A3-9474-1A3956D46DE8}") = "main", "main", "{8C0E6AF1-B370-4AA9-A0DE-BE04D1BE3F98}"
	ProjectSection(SolutionItems) = preProject
		debug.cpp = debug.cpp
		display.cpp = display.cpp
		executors.cpp = executors.cpp
		keys.cpp = keys.cpp
		main.h = main.h
		main.ino = main.ino
		sensors.cpp = sensors.cpp
		setting.cpp = setting.cpp
	EndProjectSection
EndProject
Project("{2150E333-8FDC-42A3-9474-1A3956D46DE8}") = "lib", "lib", "{640534A9-9A90-4F35-91D8-EB2E9BDD7358}"
EndProject
Global
	GlobalSection(SolutionProperties) = preSolution
		HideSolutionNode = FALSE
	EndGlobalSection
	GlobalSection(NestedProjects) = preSolution
		{8C0E6AF1-B370-4AA9-A0DE-BE04D1BE3F98} = {AE1376CF-9C8C-45DA-A11D-5FFE2FA532FB}
		{640534A9-9A90-4F35-91D8-EB2E9BDD7358} = {AE1376CF-9C8C-45DA-A11D-5FFE2FA532FB}
	EndGlobalSection
	GlobalSection(ExtensibilityGlobals) = postSolution
		SolutionGuid = {DBFA6AD3-1B89-4D5E-8E15-D5D185D396B6}
	EndGlobalSection
EndGlobal
